dependencies:
- name: opentelemetry-operator
  repository: https://open-telemetry.github.io/opentelemetry-helm-charts
  version: 0.56.0
- name: owner-info
  repository: https://charts.eu-de-2.cloud.sap
  version: 0.2.0
digest: sha256:4b20d1738ab1b723a9352bea300f8959b80a45089223b691ecb6256ddf09d28d
generated: "2024-06-25T09:39:18.455595+02:00"
