dependencies:
- name: opentelemetry-operator
  repository: https://open-telemetry.github.io/opentelemetry-helm-charts
  version: 0.64.4
- name: owner-info
  repository: oci://keppel.eu-de-1.cloud.sap/ccloud-helm
  version: 0.2.0
digest: sha256:1ea1a1029ccec58d83538787d635e83df3572f3b3016b3b28d578290b4efc4b7
generated: "2024-09-04T11:09:15.69657+02:00"
