dependencies:
- name: kube-prometheus-stack
  repository: https://prometheus-community.github.io/helm-charts
  version: 66.3.1
- name: kubernetes-operations
  repository: https://cloudoperators.github.io/kubernetes-operations
  version: 1.1.5
digest: sha256:8962f65a2cfb23eb260742d9ee1921f434290a84587d551549a29d1b7c02a35d
generated: "2024-12-19T14:29:08.994830374Z"
